github.com/someorgx/foobar v0.0.0-20240624133326-173741e2df27 h1:yv20QyEo/2+QONuBnHY6sQ6V8CTN7e3Ez2POvso12ks=
github.com/someorgx/foobar v0.0.0-20240624133326-173741e2df27/go.mod h1:eGX8uZg1UzZ35F+iqo8ec3UJqx2bDRBVS/Kwo6e6uhU=
github.com/someorgx/thursday v0.0.0-20240621010819-e20379cf1ad9 h1:IfvL5PQYq6RHDZ5+n1FzlB7NgT0Lqb8mNRMaIjZidr4=
github.com/someorgx/thursday v0.0.0-20240621010819-e20379cf1ad9/go.mod h1:c/bj/WKnSR9/AYRhkXZaJcD0dCKrbrHRQgzi17Mvrpk=
